
Microsoft Visual Studio Solution File, Format Version 12.00
# Visual Studio 15
VisualStudioVersion = 15.0.28307.1022
MinimumVisualStudioVersion = 10.0.40219.1
Project("{8BC9CEB8-8B4A-11D0-8D11-00A0C91BC942}") = "lab072", "lab072\lab072.vcxproj", "{83471A75-E0E9-48D8-94D5-7ADCF9C59DDE}"
EndProject
Project("{8BC9CEB8-8B4A-11D0-8D11-00A0C91BC942}") = "lab072test", "lab072test\lab072test.vcxproj", "{38F67454-0DE7-4EB8-8EA5-AABA1475804B}"
EndProject
Global
	GlobalSection(SolutionConfigurationPlatforms) = preSolution
		Debug|x64 = Debug|x64
		Debug|x86 = Debug|x86
		Release|x64 = Release|x64
		Release|x86 = Release|x86
	EndGlobalSection
	GlobalSection(ProjectConfigurationPlatforms) = postSolution
		{83471A75-E0E9-48D8-94D5-7ADCF9C59DDE}.Debug|x64.ActiveCfg = Debug|x64
		{83471A75-E0E9-48D8-94D5-7ADCF9C59DDE}.Debug|x64.Build.0 = Debug|x64
		{83471A75-E0E9-48D8-94D5-7ADCF9C59DDE}.Debug|x86.ActiveCfg = Debug|Win32
		{83471A75-E0E9-48D8-94D5-7ADCF9C59DDE}.Debug|x86.Build.0 = Debug|Win32
		{83471A75-E0E9-48D8-94D5-7ADCF9C59DDE}.Release|x64.ActiveCfg = Release|x64
		{83471A75-E0E9-48D8-94D5-7ADCF9C59DDE}.Release|x64.Build.0 = Release|x64
		{83471A75-E0E9-48D8-94D5-7ADCF9C59DDE}.Release|x86.ActiveCfg = Release|Win32
		{83471A75-E0E9-48D8-94D5-7ADCF9C59DDE}.Release|x86.Build.0 = Release|Win32
		{38F67454-0DE7-4EB8-8EA5-AABA1475804B}.Debug|x64.ActiveCfg = Debug|x64
		{38F67454-0DE7-4EB8-8EA5-AABA1475804B}.Debug|x64.Build.0 = Debug|x64
		{38F67454-0DE7-4EB8-8EA5-AABA1475804B}.Debug|x86.ActiveCfg = Debug|Win32
		{38F67454-0DE7-4EB8-8EA5-AABA1475804B}.Debug|x86.Build.0 = Debug|Win32
		{38F67454-0DE7-4EB8-8EA5-AABA1475804B}.Release|x64.ActiveCfg = Release|x64
		{38F67454-0DE7-4EB8-8EA5-AABA1475804B}.Release|x64.Build.0 = Release|x64
		{38F67454-0DE7-4EB8-8EA5-AABA1475804B}.Release|x86.ActiveCfg = Release|Win32
		{38F67454-0DE7-4EB8-8EA5-AABA1475804B}.Release|x86.Build.0 = Release|Win32
	EndGlobalSection
	GlobalSection(SolutionProperties) = preSolution
		HideSolutionNode = FALSE
	EndGlobalSection
	GlobalSection(ExtensibilityGlobals) = postSolution
		SolutionGuid = {4BCAB29C-94C2-4BD0-97A7-D6A3A6C4D8AF}
	EndGlobalSection
EndGlobal
